<?xml version="1.0" encoding="utf-8"?>
<Project ToolsVersion="4.0" xmlns="http://schemas.microsoft.com/developer/msbuild/2003">
  <ItemGroup>
    <Filter Include="Main">
      <UniqueIdentifier>{5e8e6437-1e33-481b-9945-16a05805fd07}</UniqueIdentifier>
    </Filter>
    <Filter Include="Utils">
      <UniqueIdentifier>{fbbd29fb-86e8-4223-905a-3fcd75456ed4}</UniqueIdentifier>
    </Filter>
    <Filter Include="socket">
      <UniqueIdentifier>{4649fb95-5852-449d-8c90-ef6ac376aef0}</UniqueIdentifier>
    </Filter>
  </ItemGroup>
  <ItemGroup>
    <ClCompile Include="pch.cpp">
      <Filter>Utils</Filter>
    </ClCompile>
    <ClCompile Include="socket_client_1.cpp">
      <Filter>socket</Filter>
    </ClCompile>
    <ClCompile Include="socket_client_2_udp.cpp">
      <Filter>socket</Filter>
    </ClCompile>
    <ClCompile Include="socket_client_3_nonblock.cpp">
      <Filter>socket</Filter>
    </ClCompile>
    <ClCompile Include="select_client.cpp">
      <Filter>socket</Filter>
    </ClCompile>
    <ClCompile Include="wsa_event_select_client.cpp">
      <Filter>socket</Filter>
    </ClCompile>
    <ClCompile Include="overlapped_client.cpp">
      <Filter>socket</Filter>
    </ClCompile>
    <ClCompile Include="overlapped_callback_client.cpp">
      <Filter>socket</Filter>
    </ClCompile>
    <ClCompile Include="completion_port_client.cpp">
      <Filter>socket</Filter>
    </ClCompile>
    <ClCompile Include="Socket_Utils_test_client.cpp">
      <Filter>socket</Filter>
    </ClCompile>
    <ClCompile Include="session_test_client.cpp">
      <Filter>socket</Filter>
    </ClCompile>
    <ClCompile Include="send_recv_buffer_session_client.cpp">
      <Filter>socket</Filter>
    </ClCompile>
  </ItemGroup>
  <ItemGroup>
    <ClInclude Include="pch.h">
      <Filter>Utils</Filter>
    </ClInclude>
  </ItemGroup>
</Project>