<?xml version="1.0" encoding="utf-8"?>
<Project ToolsVersion="4.0" xmlns="http://schemas.microsoft.com/developer/msbuild/2003">
  <ItemGroup>
    <Filter Include="Main">
      <UniqueIdentifier>{c6956c15-d3ed-4595-b4fb-b8bd5183c1b4}</UniqueIdentifier>
    </Filter>
    <Filter Include="Utils">
      <UniqueIdentifier>{fe26c36e-6577-46d2-9448-44a9d311ed28}</UniqueIdentifier>
    </Filter>
    <Filter Include="deadlock">
      <UniqueIdentifier>{480606b4-7486-4836-b4ad-f3c3fdc07571}</UniqueIdentifier>
    </Filter>
    <Filter Include="Lock">
      <UniqueIdentifier>{8bef41a3-ee10-4260-9b43-1c4d4bdf3e1e}</UniqueIdentifier>
    </Filter>
    <Filter Include="LockPractice">
      <UniqueIdentifier>{05c77470-135b-40d5-afaf-c5587a33cd03}</UniqueIdentifier>
    </Filter>
  </ItemGroup>
  <ItemGroup>
    <ClCompile Include="multi_thread.cpp">
      <Filter>Main</Filter>
    </ClCompile>
    <ClCompile Include="pch.cpp">
      <Filter>Utils</Filter>
    </ClCompile>
    <ClCompile Include="atomic.cpp">
      <Filter>Main</Filter>
    </ClCompile>
    <ClCompile Include="lock.cpp">
      <Filter>Main</Filter>
    </ClCompile>
    <ClCompile Include="UserManager.cpp">
      <Filter>deadlock</Filter>
    </ClCompile>
    <ClCompile Include="deaklock.cpp">
      <Filter>deadlock</Filter>
    </ClCompile>
    <ClCompile Include="AccountManager.cpp">
      <Filter>deadlock</Filter>
    </ClCompile>
    <ClCompile Include="spinlock.cpp">
      <Filter>Lock</Filter>
    </ClCompile>
    <ClCompile Include="event.cpp">
      <Filter>Lock</Filter>
    </ClCompile>
    <ClCompile Include="condition_variable.cpp">
      <Filter>Lock</Filter>
    </ClCompile>
    <ClCompile Include="Future.cpp">
      <Filter>Lock</Filter>
    </ClCompile>
    <ClCompile Include="memory_cash.cpp">
      <Filter>Main</Filter>
    </ClCompile>
    <ClCompile Include="cpu_pipeline.cpp">
      <Filter>Main</Filter>
    </ClCompile>
    <ClCompile Include="memory_model.cpp">
      <Filter>Main</Filter>
    </ClCompile>
    <ClCompile Include="TLS.cpp">
      <Filter>Main</Filter>
    </ClCompile>
    <ClCompile Include="GameServer.cpp">
      <Filter>LockPractice</Filter>
    </ClCompile>
    <ClCompile Include="ConcurrentQueue.cpp">
      <Filter>LockPractice</Filter>
    </ClCompile>
    <ClCompile Include="ConcurrentStack.cpp">
      <Filter>LockPractice</Filter>
    </ClCompile>
  </ItemGroup>
  <ItemGroup>
    <ClInclude Include="pch.h">
      <Filter>Utils</Filter>
    </ClInclude>
    <ClInclude Include="UserManager.h">
      <Filter>deadlock</Filter>
    </ClInclude>
    <ClInclude Include="AccountManager.h">
      <Filter>deadlock</Filter>
    </ClInclude>
    <ClInclude Include="ConcurrentQueue.h">
      <Filter>LockPractice</Filter>
    </ClInclude>
    <ClInclude Include="ConcurrentStack.h">
      <Filter>LockPractice</Filter>
    </ClInclude>
  </ItemGroup>
</Project>