<?xml version="1.0" encoding="utf-8"?>
<Project ToolsVersion="4.0" xmlns="http://schemas.microsoft.com/developer/msbuild/2003">
  <ItemGroup>
    <Filter Include="Network">
      <UniqueIdentifier>{4e3fed94-a76b-4240-9b00-58a45ff8e3f2}</UniqueIdentifier>
    </Filter>
    <Filter Include="Utils">
      <UniqueIdentifier>{a99488a5-c848-47f2-ba5f-1bfa86f6bc72}</UniqueIdentifier>
    </Filter>
    <Filter Include="Main">
      <UniqueIdentifier>{3a1aefe0-210c-45db-af7c-8c05782bb711}</UniqueIdentifier>
    </Filter>
    <Filter Include="Thread">
      <UniqueIdentifier>{5a890822-f896-4742-be1b-f20c86bd48f6}</UniqueIdentifier>
    </Filter>
    <Filter Include="Memory">
      <UniqueIdentifier>{1b3fec79-00ef-4e72-9603-4333d6daf9ea}</UniqueIdentifier>
    </Filter>
  </ItemGroup>
  <ItemGroup>
    <ClInclude Include="CorePch.h">
      <Filter>Main</Filter>
    </ClInclude>
    <ClInclude Include="pch.h">
      <Filter>Main</Filter>
    </ClInclude>
    <ClInclude Include="Types.h">
      <Filter>Main</Filter>
    </ClInclude>
    <ClInclude Include="CoreMacro.h">
      <Filter>Main</Filter>
    </ClInclude>
    <ClInclude Include="CoreGlobal.h">
      <Filter>Main</Filter>
    </ClInclude>
    <ClInclude Include="CoreTLS.h">
      <Filter>Main</Filter>
    </ClInclude>
    <ClInclude Include="ThreadManager.h">
      <Filter>Thread</Filter>
    </ClInclude>
    <ClInclude Include="Lock.h">
      <Filter>Thread</Filter>
    </ClInclude>
    <ClInclude Include="DeadLockProfiler.h">
      <Filter>Thread</Filter>
    </ClInclude>
    <ClInclude Include="RefCounting.h">
      <Filter>Memory</Filter>
    </ClInclude>
    <ClInclude Include="Allocator.h">
      <Filter>Memory</Filter>
    </ClInclude>
    <ClInclude Include="Memory.h">
      <Filter>Memory</Filter>
    </ClInclude>
    <ClInclude Include="Container.h">
      <Filter>Memory</Filter>
    </ClInclude>
    <ClInclude Include="MemoryPool.h">
      <Filter>Memory</Filter>
    </ClInclude>
    <ClInclude Include="ObjectPool.h">
      <Filter>Memory</Filter>
    </ClInclude>
  </ItemGroup>
  <ItemGroup>
    <ClCompile Include="CorePch.cpp">
      <Filter>Main</Filter>
    </ClCompile>
    <ClCompile Include="pch.cpp">
      <Filter>Main</Filter>
    </ClCompile>
    <ClCompile Include="CoreGlobal.cpp">
      <Filter>Main</Filter>
    </ClCompile>
    <ClCompile Include="CoreTLS.cpp">
      <Filter>Main</Filter>
    </ClCompile>
    <ClCompile Include="ThreadManager.cpp">
      <Filter>Thread</Filter>
    </ClCompile>
    <ClCompile Include="Lock.cpp">
      <Filter>Thread</Filter>
    </ClCompile>
    <ClCompile Include="DeadLockProfiler.cpp">
      <Filter>Thread</Filter>
    </ClCompile>
    <ClCompile Include="RefCounting.cpp">
      <Filter>Memory</Filter>
    </ClCompile>
    <ClCompile Include="Allocator.cpp">
      <Filter>Memory</Filter>
    </ClCompile>
    <ClCompile Include="Memory.cpp">
      <Filter>Memory</Filter>
    </ClCompile>
    <ClCompile Include="MemoryPool.cpp">
      <Filter>Memory</Filter>
    </ClCompile>
  </ItemGroup>
</Project>